// !$*UTF8*$!
{
	archiveVersion = 1;
	classes = {
	};
	objectVersion = 46;
	objects = {

/* Begin PBXBuildFile section */
		2A2F9C8A1CE1C2F100EB3458 /* TSGCamera.framework in Frameworks */ = {isa = PBXBuildFile; fileRef = 2A2F9C881CE1C2E900EB3458 /* TSGCamera.framework */; };
		2A2F9C8B1CE1C2F100EB3458 /* TSGCamera.framework in Embed Frameworks */ = {isa = PBXBuildFile; fileRef = 2A2F9C881CE1C2E900EB3458 /* TSGCamera.framework */; settings = {ATTRIBUTES = (CodeSignOnCopy, RemoveHeadersOnCopy, ); }; };
		2A2F9C931CE1C54400EB3458 /* AppDelegate.swift in Sources */ = {isa = PBXBuildFile; fileRef = 2A2F9C8E1CE1C54400EB3458 /* AppDelegate.swift */; };
		2A2F9C941CE1C54400EB3458 /* CameraViewController.swift in Sources */ = {isa = PBXBuildFile; fileRef = 2A2F9C8F1CE1C54400EB3458 /* CameraViewController.swift */; };
		2A2F9C951CE1C54400EB3458 /* CustomCamera.swift in Sources */ = {isa = PBXBuildFile; fileRef = 2A2F9C901CE1C54400EB3458 /* CustomCamera.swift */; };
		2A2F9C961CE1C54400EB3458 /* FullImageController.swift in Sources */ = {isa = PBXBuildFile; fileRef = 2A2F9C911CE1C54400EB3458 /* FullImageController.swift */; };
		2A2F9C971CE1C54400EB3458 /* ShowImageController.swift in Sources */ = {isa = PBXBuildFile; fileRef = 2A2F9C921CE1C54400EB3458 /* ShowImageController.swift */; };
		2A43870F1CCA1AF40078A551 /* Main.storyboard in Resources */ = {isa = PBXBuildFile; fileRef = 2A43870D1CCA1AF40078A551 /* Main.storyboard */; };
		2A4387111CCA1AF40078A551 /* Assets.xcassets in Resources */ = {isa = PBXBuildFile; fileRef = 2A4387101CCA1AF40078A551 /* Assets.xcassets */; };
		2A4387141CCA1AF40078A551 /* LaunchScreen.storyboard in Resources */ = {isa = PBXBuildFile; fileRef = 2A4387121CCA1AF40078A551 /* LaunchScreen.storyboard */; };
/* End PBXBuildFile section */

/* Begin PBXCopyFilesBuildPhase section */
		2A2F9C8C1CE1C2F100EB3458 /* Embed Frameworks */ = {
			isa = PBXCopyFilesBuildPhase;
			buildActionMask = 2147483647;
			dstPath = "";
			dstSubfolderSpec = 10;
			files = (
				2A2F9C8B1CE1C2F100EB3458 /* TSGCamera.framework in Embed Frameworks */,
			);
			name = "Embed Frameworks";
			runOnlyForDeploymentPostprocessing = 0;
		};
/* End PBXCopyFilesBuildPhase section */

/* Begin PBXFileReference section */
		2A2F9C881CE1C2E900EB3458 /* TSGCamera.framework */ = {isa = PBXFileReference; lastKnownFileType = wrapper.framework; path = TSGCamera.framework; sourceTree = "<group>"; };
		2A2F9C8E1CE1C54400EB3458 /* AppDelegate.swift */ = {isa = PBXFileReference; fileEncoding = 4; lastKnownFileType = sourcecode.swift; path = AppDelegate.swift; sourceTree = "<group>"; };
		2A2F9C8F1CE1C54400EB3458 /* CameraViewController.swift */ = {isa = PBXFileReference; fileEncoding = 4; lastKnownFileType = sourcecode.swift; path = CameraViewController.swift; sourceTree = "<group>"; };
		2A2F9C901CE1C54400EB3458 /* CustomCamera.swift */ = {isa = PBXFileReference; fileEncoding = 4; lastKnownFileType = sourcecode.swift; path = CustomCamera.swift; sourceTree = "<group>"; };
		2A2F9C911CE1C54400EB3458 /* FullImageController.swift */ = {isa = PBXFileReference; fileEncoding = 4; lastKnownFileType = sourcecode.swift; path = FullImageController.swift; sourceTree = "<group>"; };
		2A2F9C921CE1C54400EB3458 /* ShowImageController.swift */ = {isa = PBXFileReference; fileEncoding = 4; lastKnownFileType = sourcecode.swift; path = ShowImageController.swift; sourceTree = "<group>"; };
		2A4387061CCA1AF40078A551 /* CustomCamera.app */ = {isa = PBXFileReference; explicitFileType = wrapper.application; includeInIndex = 0; path = CustomCamera.app; sourceTree = BUILT_PRODUCTS_DIR; };
		2A43870E1CCA1AF40078A551 /* Base */ = {isa = PBXFileReference; lastKnownFileType = file.storyboard; name = Base; path = Base.lproj/Main.storyboard; sourceTree = "<group>"; };
		2A4387101CCA1AF40078A551 /* Assets.xcassets */ = {isa = PBXFileReference; lastKnownFileType = folder.assetcatalog; path = Assets.xcassets; sourceTree = "<group>"; };
		2A4387131CCA1AF40078A551 /* Base */ = {isa = PBXFileReference; lastKnownFileType = file.storyboard; name = Base; path = Base.lproj/LaunchScreen.storyboard; sourceTree = "<group>"; };
		2A4387151CCA1AF40078A551 /* Info.plist */ = {isa = PBXFileReference; lastKnownFileType = text.plist.xml; path = Info.plist; sourceTree = "<group>"; };
/* End PBXFileReference section */

/* Begin PBXFrameworksBuildPhase section */
		2A4387031CCA1AF40078A551 /* Frameworks */ = {
			isa = PBXFrameworksBuildPhase;
			buildActionMask = 2147483647;
			files = (
				2A2F9C8A1CE1C2F100EB3458 /* TSGCamera.framework in Frameworks */,
			);
			runOnlyForDeploymentPostprocessing = 0;
		};
/* End PBXFrameworksBuildPhase section */

/* Begin PBXGroup section */
		2A2F9C871CE1C2E900EB3458 /* Framework */ = {
			isa = PBXGroup;
			children = (
				2A2F9C881CE1C2E900EB3458 /* TSGCamera.framework */,
			);
			path = Framework;
			sourceTree = "<group>";
		};
		2A2F9C8D1CE1C54400EB3458 /* Classes */ = {
			isa = PBXGroup;
			children = (
				2A2F9C8E1CE1C54400EB3458 /* AppDelegate.swift */,
				2A2F9C8F1CE1C54400EB3458 /* CameraViewController.swift */,
				2A2F9C901CE1C54400EB3458 /* CustomCamera.swift */,
				2A2F9C911CE1C54400EB3458 /* FullImageController.swift */,
				2A2F9C921CE1C54400EB3458 /* ShowImageController.swift */,
			);
			path = Classes;
			sourceTree = "<group>";
		};
		2A4386FD1CCA1AF40078A551 = {
			isa = PBXGroup;
			children = (
				2A4387081CCA1AF40078A551 /* CustomCamera */,
				2A4387071CCA1AF40078A551 /* Products */,
			);
			sourceTree = "<group>";
		};
		2A4387071CCA1AF40078A551 /* Products */ = {
			isa = PBXGroup;
			children = (
				2A4387061CCA1AF40078A551 /* CustomCamera.app */,
			);
			name = Products;
			sourceTree = "<group>";
		};
		2A4387081CCA1AF40078A551 /* CustomCamera */ = {
			isa = PBXGroup;
			children = (
				2A2F9C8D1CE1C54400EB3458 /* Classes */,
				2A2F9C871CE1C2E900EB3458 /* Framework */,
				2A43870D1CCA1AF40078A551 /* Main.storyboard */,
				2A4387101CCA1AF40078A551 /* Assets.xcassets */,
				2A4387121CCA1AF40078A551 /* LaunchScreen.storyboard */,
				2A4387151CCA1AF40078A551 /* Info.plist */,
			);
			path = CustomCamera;
			sourceTree = "<group>";
		};
/* End PBXGroup section */

/* Begin PBXNativeTarget section */
		2A4387051CCA1AF40078A551 /* CustomCamera */ = {
			isa = PBXNativeTarget;
			buildConfigurationList = 2A4387231CCA1AF40078A551 /* Build configuration list for PBXNativeTarget "CustomCamera" */;
			buildPhases = (
				2A4387021CCA1AF40078A551 /* Sources */,
				2A4387031CCA1AF40078A551 /* Frameworks */,
				2A4387041CCA1AF40078A551 /* Resources */,
				2A2F9C8C1CE1C2F100EB3458 /* Embed Frameworks */,
			);
			buildRules = (
			);
			dependencies = (
			);
			name = CustomCamera;
			productName = CustomCamera;
			productReference = 2A4387061CCA1AF40078A551 /* CustomCamera.app */;
			productType = "com.apple.product-type.application";
		};
/* End PBXNativeTarget section */

/* Begin PBXProject section */
		2A4386FE1CCA1AF40078A551 /* Project object */ = {
			isa = PBXProject;
			attributes = {
				LastSwiftUpdateCheck = 0730;
				LastUpgradeCheck = 0730;
				ORGANIZATIONNAME = Kiwitech;
				TargetAttributes = {
					2A4387051CCA1AF40078A551 = {
						CreatedOnToolsVersion = 7.3;
					};
				};
			};
			buildConfigurationList = 2A4387011CCA1AF40078A551 /* Build configuration list for PBXProject "CustomCamera" */;
			compatibilityVersion = "Xcode 3.2";
			developmentRegion = English;
			hasScannedForEncodings = 0;
			knownRegions = (
				en,
				Base,
			);
			mainGroup = 2A4386FD1CCA1AF40078A551;
			productRefGroup = 2A4387071CCA1AF40078A551 /* Products */;
			projectDirPath = "";
			projectRoot = "";
			targets = (
				2A4387051CCA1AF40078A551 /* CustomCamera */,
			);
		};
/* End PBXProject section */

/* Begin PBXResourcesBuildPhase section */
		2A4387041CCA1AF40078A551 /* Resources */ = {
			isa = PBXResourcesBuildPhase;
			buildActionMask = 2147483647;
			files = (
				2A4387141CCA1AF40078A551 /* LaunchScreen.storyboard in Resources */,
				2A4387111CCA1AF40078A551 /* Assets.xcassets in Resources */,
				2A43870F1CCA1AF40078A551 /* Main.storyboard in Resources */,
			);
			runOnlyForDeploymentPostprocessing = 0;
		};
/* End PBXResourcesBuildPhase section */

/* Begin PBXSourcesBuildPhase section */
		2A4387021CCA1AF40078A551 /* Sources */ = {
			isa = PBXSourcesBuildPhase;
			buildActionMask = 2147483647;
			files = (
				2A2F9C951CE1C54400EB3458 /* CustomCamera.swift in Sources */,
				2A2F9C971CE1C54400EB3458 /* ShowImageController.swift in Sources */,
				2A2F9C931CE1C54400EB3458 /* AppDelegate.swift in Sources */,
				2A2F9C961CE1C54400EB3458 /* FullImageController.swift in Sources */,
				2A2F9C941CE1C54400EB3458 /* CameraViewController.swift in Sources */,
			);
			runOnlyForDeploymentPostprocessing = 0;
		};
/* End PBXSourcesBuildPhase section */

/* Begin PBXVariantGroup section */
		2A43870D1CCA1AF40078A551 /* Main.storyboard */ = {
			isa = PBXVariantGroup;
			children = (
				2A43870E1CCA1AF40078A551 /* Base */,
			);
			name = Main.storyboard;
			sourceTree = "<group>";
		};
		2A4387121CCA1AF40078A551 /* LaunchScreen.storyboard */ = {
			isa = PBXVariantGroup;
			children = (
				2A4387131CCA1AF40078A551 /* Base */,
			);
			name = LaunchScreen.storyboard;
			sourceTree = "<group>";
		};
/* End PBXVariantGroup section */

/* Begin XCBuildConfiguration section */
		2A4387211CCA1AF40078A551 /* Debug */ = {
			isa = XCBuildConfiguration;
			buildSettings = {
				ALWAYS_SEARCH_USER_PATHS = NO;
				CLANG_ANALYZER_NONNULL = YES;
				CLANG_CXX_LANGUAGE_STANDARD = "gnu++0x";
				CLANG_CXX_LIBRARY = "libc++";
				CLANG_ENABLE_MODULES = YES;
				CLANG_ENABLE_OBJC_ARC = YES;
				CLANG_WARN_BOOL_CONVERSION = YES;
				CLANG_WARN_CONSTANT_CONVERSION = YES;
				CLANG_WARN_DIRECT_OBJC_ISA_USAGE = YES_ERROR;
				CLANG_WARN_EMPTY_BODY = YES;
				CLANG_WARN_ENUM_CONVERSION = YES;
				CLANG_WARN_INT_CONVERSION = YES;
				CLANG_WARN_OBJC_ROOT_CLASS = YES_ERROR;
				CLANG_WARN_UNREACHABLE_CODE = YES;
				CLANG_WARN__DUPLICATE_METHOD_MATCH = YES;
				"CODE_SIGN_IDENTITY[sdk=iphoneos*]" = "iPhone Developer";
				COPY_PHASE_STRIP = NO;
				DEBUG_INFORMATION_FORMAT = dwarf;
				ENABLE_STRICT_OBJC_MSGSEND = YES;
				ENABLE_TESTABILITY = YES;
				GCC_C_LANGUAGE_STANDARD = gnu99;
				GCC_DYNAMIC_NO_PIC = NO;
				GCC_NO_COMMON_BLOCKS = YES;
				GCC_OPTIMIZATION_LEVEL = 0;
				GCC_PREPROCESSOR_DEFINITIONS = (
					"DEBUG=1",
					"$(inherited)",
				);
				GCC_WARN_64_TO_32_BIT_CONVERSION = YES;
				GCC_WARN_ABOUT_RETURN_TYPE = YES_ERROR;
				GCC_WARN_UNDECLARED_SELECTOR = YES;
				GCC_WARN_UNINITIALIZED_AUTOS = YES_AGGRESSIVE;
				GCC_WARN_UNUSED_FUNCTION = YES;
				GCC_WARN_UNUSED_VARIABLE = YES;
				IPHONEOS_DEPLOYMENT_TARGET = 9.3;
				MTL_ENABLE_DEBUG_INFO = YES;
				ONLY_ACTIVE_ARCH = YES;
				SDKROOT = iphoneos;
				SWIFT_OPTIMIZATION_LEVEL = "-Onone";
				TARGETED_DEVICE_FAMILY = "1,2";
			};
			name = Debug;
		};
		2A4387221CCA1AF40078A551 /* Release */ = {
			isa = XCBuildConfiguration;
			buildSettings = {
				ALWAYS_SEARCH_USER_PATHS = NO;
				CLANG_ANALYZER_NONNULL = YES;
				CLANG_CXX_LANGUAGE_STANDARD = "gnu++0x";
				CLANG_CXX_LIBRARY = "libc++";
				CLANG_ENABLE_MODULES = YES;
				CLANG_ENABLE_OBJC_ARC = YES;
				CLANG_WARN_BOOL_CONVERSION = YES;
				CLANG_WARN_CONSTANT_CONVERSION = YES;
				CLANG_WARN_DIRECT_OBJC_ISA_USAGE = YES_ERROR;
				CLANG_WARN_EMPTY_BODY = YES;
				CLANG_WARN_ENUM_CONVERSION = YES;
				CLANG_WARN_INT_CONVERSION = YES;
				CLANG_WARN_OBJC_ROOT_CLASS = YES_ERROR;
				CLANG_WARN_UNREACHABLE_CODE = YES;
				CLANG_WARN__DUPLICATE_METHOD_MATCH = YES;
				"CODE_SIGN_IDENTITY[sdk=iphoneos*]" = "iPhone Developer";
				COPY_PHASE_STRIP = NO;
				DEBUG_INFORMATION_FORMAT = "dwarf-with-dsym";
				ENABLE_NS_ASSERTIONS = NO;
				ENABLE_STRICT_OBJC_MSGSEND = YES;
				GCC_C_LANGUAGE_STANDARD = gnu99;
				GCC_NO_COMMON_BLOCKS = YES;
				GCC_WARN_64_TO_32_BIT_CONVERSION = YES;
				GCC_WARN_ABOUT_RETURN_TYPE = YES_ERROR;
				GCC_WARN_UNDECLARED_SELECTOR = YES;
				GCC_WARN_UNINITIALIZED_AUTOS = YES_AGGRESSIVE;
				GCC_WARN_UNUSED_FUNCTION = YES;
				GCC_WARN_UNUSED_VARIABLE = YES;
				IPHONEOS_DEPLOYMENT_TARGET = 9.3;
				MTL_ENABLE_DEBUG_INFO = NO;
				SDKROOT = iphoneos;
				TARGETED_DEVICE_FAMILY = "1,2";
				VALIDATE_PRODUCT = YES;
			};
			name = Release;
		};
		2A4387241CCA1AF40078A551 /* Debug */ = {
			isa = XCBuildConfiguration;
			buildSettings = {
				ASSETCATALOG_COMPILER_APPICON_NAME = AppIcon;
				FRAMEWORK_SEARCH_PATHS = (
					"$(inherited)",
					"$(PROJECT_DIR)/CustomCamera/Framework",
				);
				INFOPLIST_FILE = CustomCamera/Info.plist;
				LD_RUNPATH_SEARCH_PATHS = "$(inherited) @executable_path/Frameworks";
				PRODUCT_BUNDLE_IDENTIFIER = com.tsg.CustomCam;
				PRODUCT_NAME = "$(TARGET_NAME)";
			};
			name = Debug;
		};
		2A4387251CCA1AF40078A551 /* Release */ = {
			isa = XCBuildConfiguration;
			buildSettings = {
				ASSETCATALOG_COMPILER_APPICON_NAME = AppIcon;
				FRAMEWORK_SEARCH_PATHS = (
					"$(inherited)",
					"$(PROJECT_DIR)/CustomCamera/Framework",
				);
				INFOPLIST_FILE = CustomCamera/Info.plist;
				LD_RUNPATH_SEARCH_PATHS = "$(inherited) @executable_path/Frameworks";
				PRODUCT_BUNDLE_IDENTIFIER = com.tsg.CustomCam;
				PRODUCT_NAME = "$(TARGET_NAME)";
			};
			name = Release;
		};
/* End XCBuildConfiguration section */

/* Begin XCConfigurationList section */
		2A4387011CCA1AF40078A551 /* Build configuration list for PBXProject "CustomCamera" */ = {
			isa = XCConfigurationList;
			buildConfigurations = (
				2A4387211CCA1AF40078A551 /* Debug */,
				2A4387221CCA1AF40078A551 /* Release */,
			);
			defaultConfigurationIsVisible = 0;
			defaultConfigurationName = Release;
		};
		2A4387231CCA1AF40078A551 /* Build configuration list for PBXNativeTarget "CustomCamera" */ = {
			isa = XCConfigurationList;
			buildConfigurations = (
				2A4387241CCA1AF40078A551 /* Debug */,
				2A4387251CCA1AF40078A551 /* Release */,
			);
			defaultConfigurationIsVisible = 0;
			defaultConfigurationName = Release;
		};
/* End XCConfigurationList section */
	};
	rootObject = 2A4386FE1CCA1AF40078A551 /* Project object */;
}
